
Microsoft Visual Studio Solution File, Format Version 12.00
# Visual Studio Version 17
VisualStudioVersion = 17.2.32516.85
MinimumVisualStudioVersion = 10.0.40219.1
Project("{FAE04EC0-301F-11D3-BF4B-00C04F79EFBC}") = "TelefonRehberi", "TelefonRehberi.csproj", "{5070ADCA-9D88-40D5-BF3C-78A139827BE3}"
EndProject
Global
	GlobalSection(SolutionConfigurationPlatforms) = preSolution
		Debug|Any CPU = Debug|Any CPU
		Release|Any CPU = Release|Any CPU
	EndGlobalSection
	GlobalSection(ProjectConfigurationPlatforms) = postSolution
		{5070ADCA-9D88-40D5-BF3C-78A139827BE3}.Debug|Any CPU.ActiveCfg = Debug|Any CPU
		{5070ADCA-9D88-40D5-BF3C-78A139827BE3}.Debug|Any CPU.Build.0 = Debug|Any CPU
		{5070ADCA-9D88-40D5-BF3C-78A139827BE3}.Release|Any CPU.ActiveCfg = Release|Any CPU
		{5070ADCA-9D88-40D5-BF3C-78A139827BE3}.Release|Any CPU.Build.0 = Release|Any CPU
	EndGlobalSection
	GlobalSection(SolutionProperties) = preSolution
		HideSolutionNode = FALSE
	EndGlobalSection
	GlobalSection(ExtensibilityGlobals) = postSolution
		SolutionGuid = {92D7C573-B324-453D-8A38-C4604B543800}
	EndGlobalSection
EndGlobal
