
Microsoft Visual Studio Solution File, Format Version 12.00
# Visual Studio Version 17
VisualStudioVersion = 17.2.32516.85
MinimumVisualStudioVersion = 10.0.40219.1
Project("{FAE04EC0-301F-11D3-BF4B-00C04F79EFBC}") = "ToDo", "ToDo.csproj", "{FF5C3E33-FD4D-4C39-A560-3BDAB38FDB18}"
EndProject
Global
	GlobalSection(SolutionConfigurationPlatforms) = preSolution
		Debug|Any CPU = Debug|Any CPU
		Release|Any CPU = Release|Any CPU
	EndGlobalSection
	GlobalSection(ProjectConfigurationPlatforms) = postSolution
		{FF5C3E33-FD4D-4C39-A560-3BDAB38FDB18}.Debug|Any CPU.ActiveCfg = Debug|Any CPU
		{FF5C3E33-FD4D-4C39-A560-3BDAB38FDB18}.Debug|Any CPU.Build.0 = Debug|Any CPU
		{FF5C3E33-FD4D-4C39-A560-3BDAB38FDB18}.Release|Any CPU.ActiveCfg = Release|Any CPU
		{FF5C3E33-FD4D-4C39-A560-3BDAB38FDB18}.Release|Any CPU.Build.0 = Release|Any CPU
	EndGlobalSection
	GlobalSection(SolutionProperties) = preSolution
		HideSolutionNode = FALSE
	EndGlobalSection
	GlobalSection(ExtensibilityGlobals) = postSolution
		SolutionGuid = {A6480D02-1635-4BD4-9FF2-02CF03919779}
	EndGlobalSection
EndGlobal
